github.com/a-h/templ v0.3.920 h1:IQjjTu4KGrYreHo/ewzSeS8uefecisPayIIc9VflLSE=
github.com/a-h/templ v0.3.920/go.mod h1:FFAu4dI//ESmEN7PQkJ7E7QfnSEMdcnu7QrAY8Dn334=
github.com/google/go-cmp v0.6.0 h1:ofyhxvXcZhMsU5ulbFiLKl/XBFqE1GSq7atu8tAmTRI=
github.com/google/go-cmp v0.6.0/go.mod h1:17dUlkBOakJ0+DkrSSNjCkIjxS6bF9zb3elmeNGIjoY=
github.com/riclib/open-props-css v0.1.0 h1:1a1Qk6COxfEzStwhN1U97y19rzNEwIOJRU40IgRASK4=
github.com/riclib/open-props-css v0.1.0/go.mod h1:H56mW2NAQp63xL4mkgHMU9GxK0BQv3lWGvBaWPsOGhA=
github.com/riclib/open-props-css v0.1.1-0.20250724081251-0a98aadb87ab h1:Lf3SHCWY2iLCoSShOe6t/dpwjr1jNexZ69BeVRrYZgk=
github.com/riclib/open-props-css v0.1.1-0.20250724081251-0a98aadb87ab/go.mod h1:H56mW2NAQp63xL4mkgHMU9GxK0BQv3lWGvBaWPsOGhA=
github.com/riclib/open-props-css v0.1.1-0.20250724081808-271bf22bee0b h1:0yWPuGlgYr9m3l5mPq8N4k9x1Afg55o04fRjBZRJKOA=
github.com/riclib/open-props-css v0.1.1-0.20250724081808-271bf22bee0b/go.mod h1:H56mW2NAQp63xL4mkgHMU9GxK0BQv3lWGvBaWPsOGhA=
